{
  "name": "ai-mfe",
  "lockfileVersion": 3,
  "requires": true,
  "packages": {
    "": {
      "dependencies": {
        "feed-mfe": "file:../.."
      }
    },
    "../..": {
      "version": "0.1.0",
      "dependencies": {
        "cra-template-pwa": "2.0.0",
        "react": "^19.2.0",
        "react-dom": "^19.2.0",
        "react-scripts": "5.0.1",
        "web-vitals": "^3.1.1"
      }
    },
    "node_modules/feed-mfe": {
      "resolved": "../..",
      "link": true
    }
  }
}
